github.com/google/uuid v1.2.0 h1:qJYtXnJRWmpe7m/3XlyhrsLrEURqHRM2kxzoxXqyUDs=
github.com/google/uuid v1.2.0/go.mod h1:TIyPZe4MgqvfeYDBFedMoGGpEw/LqOeaOT+nhxU+yHo=
github.com/soyarielruiz/tdl-borbotones-go/server v0.0.0-20210613184724-3ba40dd2e011 h1:RzCnIduysG4G1Dn2AWn1irFy6AiIB6FiI84aGxpOjxg=
github.com/soyarielruiz/tdl-borbotones-go/server v0.0.0-20210613184724-3ba40dd2e011/go.mod h1:VpI46RPEjXILwgVhTu1KSFRluvQtK0oL/noFMzC22XY=
